
Microsoft Visual Studio Solution File, Format Version 12.00
# Visual Studio Version 17
VisualStudioVersion = 17.5.33516.290
MinimumVisualStudioVersion = 10.0.40219.1
Project("{9A19103F-16F7-4668-BE54-9A1E7A4F7556}") = "Blazor.Server", ".NET6_Blazor电商\Server\Blazor.Server.csproj", "{DADED1B7-3239-4B4C-B6CA-BA86F21E674F}"
EndProject
Project("{9A19103F-16F7-4668-BE54-9A1E7A4F7556}") = "Blazor.Client", ".NET6_Blazor电商\Client\Blazor.Client.csproj", "{7E2A4569-EE3E-4E67-B0F9-22D56BCEE7BE}"
EndProject
Project("{9A19103F-16F7-4668-BE54-9A1E7A4F7556}") = "Blazor.Shared", ".NET6_Blazor电商\Shared\Blazor.Shared.csproj", "{DC88C7FA-7B4C-40A6-BDC9-8268B3612D01}"
EndProject
Project("{9A19103F-16F7-4668-BE54-9A1E7A4F7556}") = "杨中科.WebAPI", ".NET6_杨中科\WebAPI\杨中科.WebAPI.csproj", "{D55AF478-A522-488D-8210-5EF7C6D8277E}"
EndProject
Project("{2150E333-8FDC-42A3-9474-1A3956D46DE8}") = ".NET6_Blazor电商", ".NET6_Blazor电商", "{8B007049-4DEF-4977-9002-6D399531E8E8}"
EndProject
Project("{2150E333-8FDC-42A3-9474-1A3956D46DE8}") = ".NET6_杨中科", ".NET6_杨中科", "{EB68F2F6-23C0-45A8-ABBB-CAA88D8DBB5F}"
EndProject
Global
	GlobalSection(SolutionConfigurationPlatforms) = preSolution
		Debug|Any CPU = Debug|Any CPU
		Release|Any CPU = Release|Any CPU
	EndGlobalSection
	GlobalSection(ProjectConfigurationPlatforms) = postSolution
		{DADED1B7-3239-4B4C-B6CA-BA86F21E674F}.Debug|Any CPU.ActiveCfg = Debug|Any CPU
		{DADED1B7-3239-4B4C-B6CA-BA86F21E674F}.Debug|Any CPU.Build.0 = Debug|Any CPU
		{DADED1B7-3239-4B4C-B6CA-BA86F21E674F}.Release|Any CPU.ActiveCfg = Release|Any CPU
		{DADED1B7-3239-4B4C-B6CA-BA86F21E674F}.Release|Any CPU.Build.0 = Release|Any CPU
		{7E2A4569-EE3E-4E67-B0F9-22D56BCEE7BE}.Debug|Any CPU.ActiveCfg = Debug|Any CPU
		{7E2A4569-EE3E-4E67-B0F9-22D56BCEE7BE}.Debug|Any CPU.Build.0 = Debug|Any CPU
		{7E2A4569-EE3E-4E67-B0F9-22D56BCEE7BE}.Release|Any CPU.ActiveCfg = Release|Any CPU
		{7E2A4569-EE3E-4E67-B0F9-22D56BCEE7BE}.Release|Any CPU.Build.0 = Release|Any CPU
		{DC88C7FA-7B4C-40A6-BDC9-8268B3612D01}.Debug|Any CPU.ActiveCfg = Debug|Any CPU
		{DC88C7FA-7B4C-40A6-BDC9-8268B3612D01}.Debug|Any CPU.Build.0 = Debug|Any CPU
		{DC88C7FA-7B4C-40A6-BDC9-8268B3612D01}.Release|Any CPU.ActiveCfg = Release|Any CPU
		{DC88C7FA-7B4C-40A6-BDC9-8268B3612D01}.Release|Any CPU.Build.0 = Release|Any CPU
		{D55AF478-A522-488D-8210-5EF7C6D8277E}.Debug|Any CPU.ActiveCfg = Debug|Any CPU
		{D55AF478-A522-488D-8210-5EF7C6D8277E}.Debug|Any CPU.Build.0 = Debug|Any CPU
		{D55AF478-A522-488D-8210-5EF7C6D8277E}.Release|Any CPU.ActiveCfg = Release|Any CPU
		{D55AF478-A522-488D-8210-5EF7C6D8277E}.Release|Any CPU.Build.0 = Release|Any CPU
	EndGlobalSection
	GlobalSection(SolutionProperties) = preSolution
		HideSolutionNode = FALSE
	EndGlobalSection
	GlobalSection(NestedProjects) = preSolution
		{DADED1B7-3239-4B4C-B6CA-BA86F21E674F} = {8B007049-4DEF-4977-9002-6D399531E8E8}
		{7E2A4569-EE3E-4E67-B0F9-22D56BCEE7BE} = {8B007049-4DEF-4977-9002-6D399531E8E8}
		{DC88C7FA-7B4C-40A6-BDC9-8268B3612D01} = {8B007049-4DEF-4977-9002-6D399531E8E8}
		{D55AF478-A522-488D-8210-5EF7C6D8277E} = {EB68F2F6-23C0-45A8-ABBB-CAA88D8DBB5F}
	EndGlobalSection
	GlobalSection(ExtensibilityGlobals) = postSolution
		SolutionGuid = {4F34F234-3D09-48C3-8CB2-A4C9BA08DF37}
	EndGlobalSection
EndGlobal
